// !$*UTF8*$!
{
	archiveVersion = 1;
	classes = {
	};
	objectVersion = 50;
	objects = {

/* Begin PBXBuildFile section */
		583B1B5525640A7400B43980 /* AppDelegate.swift in Sources */ = {isa = PBXBuildFile; fileRef = 583B1B5425640A7400B43980 /* AppDelegate.swift */; };
		583B1B5725640A7400B43980 /* SceneDelegate.swift in Sources */ = {isa = PBXBuildFile; fileRef = 583B1B5625640A7400B43980 /* SceneDelegate.swift */; };
		583B1B5925640A7400B43980 /* ViewController.swift in Sources */ = {isa = PBXBuildFile; fileRef = 583B1B5825640A7400B43980 /* ViewController.swift */; };
		583B1B5C25640A7400B43980 /* Main.storyboard in Resources */ = {isa = PBXBuildFile; fileRef = 583B1B5A25640A7400B43980 /* Main.storyboard */; };
		583B1B5E25640A7600B43980 /* Assets.xcassets in Resources */ = {isa = PBXBuildFile; fileRef = 583B1B5D25640A7600B43980 /* Assets.xcassets */; };
		583B1B6125640A7600B43980 /* LaunchScreen.storyboard in Resources */ = {isa = PBXBuildFile; fileRef = 583B1B5F25640A7600B43980 /* LaunchScreen.storyboard */; };
		585B0F0A25655574000CFB2D /* Interface.storyboard in Resources */ = {isa = PBXBuildFile; fileRef = 585B0F0825655574000CFB2D /* Interface.storyboard */; };
		585B0F0C25655576000CFB2D /* Assets.xcassets in Resources */ = {isa = PBXBuildFile; fileRef = 585B0F0B25655576000CFB2D /* Assets.xcassets */; };
		585B0F1325655576000CFB2D /* InsulinWatch Extension.appex in Embed App Extensions */ = {isa = PBXBuildFile; fileRef = 585B0F1225655576000CFB2D /* InsulinWatch Extension.appex */; settings = {ATTRIBUTES = (RemoveHeadersOnCopy, ); }; };
		585B0F1825655576000CFB2D /* InterfaceController.swift in Sources */ = {isa = PBXBuildFile; fileRef = 585B0F1725655576000CFB2D /* InterfaceController.swift */; };
		585B0F1A25655576000CFB2D /* ExtensionDelegate.swift in Sources */ = {isa = PBXBuildFile; fileRef = 585B0F1925655576000CFB2D /* ExtensionDelegate.swift */; };
		585B0F1C25655576000CFB2D /* NotificationController.swift in Sources */ = {isa = PBXBuildFile; fileRef = 585B0F1B25655576000CFB2D /* NotificationController.swift */; };
		585B0F1E25655576000CFB2D /* ComplicationController.swift in Sources */ = {isa = PBXBuildFile; fileRef = 585B0F1D25655576000CFB2D /* ComplicationController.swift */; };
		585B0F2025655577000CFB2D /* Assets.xcassets in Resources */ = {isa = PBXBuildFile; fileRef = 585B0F1F25655577000CFB2D /* Assets.xcassets */; };
		585B0F2525655577000CFB2D /* InsulinWatch.app in Embed Watch Content */ = {isa = PBXBuildFile; fileRef = 585B0F0625655574000CFB2D /* InsulinWatch.app */; settings = {ATTRIBUTES = (RemoveHeadersOnCopy, ); }; };
		5887837525C1C8030009A598 /* GlucoseRecorder.swift in Sources */ = {isa = PBXBuildFile; fileRef = 5887837425C1C8030009A598 /* GlucoseRecorder.swift */; };
		58EABF71256433CF0094E175 /* Icon-180.png in Resources */ = {isa = PBXBuildFile; fileRef = 58EABF70256433CE0094E175 /* Icon-180.png */; };
		58EABF74256434040094E175 /* Icon-120.png in Resources */ = {isa = PBXBuildFile; fileRef = 58EABF73256434040094E175 /* Icon-120.png */; };
		58FC3F252656982500F10BEB /* InjectionModel.swift in Sources */ = {isa = PBXBuildFile; fileRef = 58FC3F242656982500F10BEB /* InjectionModel.swift */; };
		58FC3F272656A07600F10BEB /* InsulinRecordList.swift in Sources */ = {isa = PBXBuildFile; fileRef = 58FC3F262656A07600F10BEB /* InsulinRecordList.swift */; };
/* End PBXBuildFile section */

/* Begin PBXContainerItemProxy section */
		585B0F1425655576000CFB2D /* PBXContainerItemProxy */ = {
			isa = PBXContainerItemProxy;
			containerPortal = 583B1B4925640A7300B43980 /* Project object */;
			proxyType = 1;
			remoteGlobalIDString = 585B0F1125655576000CFB2D;
			remoteInfo = "InsulinWatch Extension";
		};
		585B0F2325655577000CFB2D /* PBXContainerItemProxy */ = {
			isa = PBXContainerItemProxy;
			containerPortal = 583B1B4925640A7300B43980 /* Project object */;
			proxyType = 1;
			remoteGlobalIDString = 585B0F0525655574000CFB2D;
			remoteInfo = InsulinWatch;
		};
/* End PBXContainerItemProxy section */

/* Begin PBXCopyFilesBuildPhase section */
		585B0F2625655577000CFB2D /* Embed Watch Content */ = {
			isa = PBXCopyFilesBuildPhase;
			buildActionMask = 2147483647;
			dstPath = "$(CONTENTS_FOLDER_PATH)/Watch";
			dstSubfolderSpec = 16;
			files = (
				585B0F2525655577000CFB2D /* InsulinWatch.app in Embed Watch Content */,
			);
			name = "Embed Watch Content";
			runOnlyForDeploymentPostprocessing = 0;
		};
		585B0F2925655577000CFB2D /* Embed App Extensions */ = {
			isa = PBXCopyFilesBuildPhase;
			buildActionMask = 2147483647;
			dstPath = "";
			dstSubfolderSpec = 13;
			files = (
				585B0F1325655576000CFB2D /* InsulinWatch Extension.appex in Embed App Extensions */,
			);
			name = "Embed App Extensions";
			runOnlyForDeploymentPostprocessing = 0;
		};
/* End PBXCopyFilesBuildPhase section */

/* Begin PBXFileReference section */
		583B1B5125640A7400B43980 /* InsulinHelper.app */ = {isa = PBXFileReference; explicitFileType = wrapper.application; includeInIndex = 0; path = InsulinHelper.app; sourceTree = BUILT_PRODUCTS_DIR; };
		583B1B5425640A7400B43980 /* AppDelegate.swift */ = {isa = PBXFileReference; lastKnownFileType = sourcecode.swift; path = AppDelegate.swift; sourceTree = "<group>"; };
		583B1B5625640A7400B43980 /* SceneDelegate.swift */ = {isa = PBXFileReference; lastKnownFileType = sourcecode.swift; path = SceneDelegate.swift; sourceTree = "<group>"; };
		583B1B5825640A7400B43980 /* ViewController.swift */ = {isa = PBXFileReference; lastKnownFileType = sourcecode.swift; path = ViewController.swift; sourceTree = "<group>"; };
		583B1B5B25640A7400B43980 /* Base */ = {isa = PBXFileReference; lastKnownFileType = file.storyboard; name = Base; path = Base.lproj/Main.storyboard; sourceTree = "<group>"; };
		583B1B5D25640A7600B43980 /* Assets.xcassets */ = {isa = PBXFileReference; lastKnownFileType = folder.assetcatalog; path = Assets.xcassets; sourceTree = "<group>"; };
		583B1B6025640A7600B43980 /* Base */ = {isa = PBXFileReference; lastKnownFileType = file.storyboard; name = Base; path = Base.lproj/LaunchScreen.storyboard; sourceTree = "<group>"; };
		583B1B6225640A7600B43980 /* Info.plist */ = {isa = PBXFileReference; lastKnownFileType = text.plist.xml; path = Info.plist; sourceTree = "<group>"; };
		585B0F0625655574000CFB2D /* InsulinWatch.app */ = {isa = PBXFileReference; explicitFileType = wrapper.application; includeInIndex = 0; path = InsulinWatch.app; sourceTree = BUILT_PRODUCTS_DIR; };
		585B0F0925655574000CFB2D /* Base */ = {isa = PBXFileReference; lastKnownFileType = file.storyboard; name = Base; path = Base.lproj/Interface.storyboard; sourceTree = "<group>"; };
		585B0F0B25655576000CFB2D /* Assets.xcassets */ = {isa = PBXFileReference; lastKnownFileType = folder.assetcatalog; path = Assets.xcassets; sourceTree = "<group>"; };
		585B0F0D25655576000CFB2D /* Info.plist */ = {isa = PBXFileReference; lastKnownFileType = text.plist.xml; path = Info.plist; sourceTree = "<group>"; };
		585B0F1225655576000CFB2D /* InsulinWatch Extension.appex */ = {isa = PBXFileReference; explicitFileType = "wrapper.app-extension"; includeInIndex = 0; path = "InsulinWatch Extension.appex"; sourceTree = BUILT_PRODUCTS_DIR; };
		585B0F1725655576000CFB2D /* InterfaceController.swift */ = {isa = PBXFileReference; lastKnownFileType = sourcecode.swift; path = InterfaceController.swift; sourceTree = "<group>"; };
		585B0F1925655576000CFB2D /* ExtensionDelegate.swift */ = {isa = PBXFileReference; lastKnownFileType = sourcecode.swift; path = ExtensionDelegate.swift; sourceTree = "<group>"; };
		585B0F1B25655576000CFB2D /* NotificationController.swift */ = {isa = PBXFileReference; lastKnownFileType = sourcecode.swift; path = NotificationController.swift; sourceTree = "<group>"; };
		585B0F1D25655576000CFB2D /* ComplicationController.swift */ = {isa = PBXFileReference; lastKnownFileType = sourcecode.swift; path = ComplicationController.swift; sourceTree = "<group>"; };
		585B0F1F25655577000CFB2D /* Assets.xcassets */ = {isa = PBXFileReference; lastKnownFileType = folder.assetcatalog; path = Assets.xcassets; sourceTree = "<group>"; };
		585B0F2125655577000CFB2D /* Info.plist */ = {isa = PBXFileReference; lastKnownFileType = text.plist.xml; path = Info.plist; sourceTree = "<group>"; };
		585B0F2225655577000CFB2D /* PushNotificationPayload.apns */ = {isa = PBXFileReference; lastKnownFileType = text; path = PushNotificationPayload.apns; sourceTree = "<group>"; };
		5887837425C1C8030009A598 /* GlucoseRecorder.swift */ = {isa = PBXFileReference; lastKnownFileType = sourcecode.swift; path = GlucoseRecorder.swift; sourceTree = "<group>"; };
		58EABF70256433CE0094E175 /* Icon-180.png */ = {isa = PBXFileReference; lastKnownFileType = image.png; path = "Icon-180.png"; sourceTree = "<group>"; };
		58EABF73256434040094E175 /* Icon-120.png */ = {isa = PBXFileReference; lastKnownFileType = image.png; path = "Icon-120.png"; sourceTree = "<group>"; };
		58FC3F242656982500F10BEB /* InjectionModel.swift */ = {isa = PBXFileReference; lastKnownFileType = sourcecode.swift; path = InjectionModel.swift; sourceTree = "<group>"; };
		58FC3F262656A07600F10BEB /* InsulinRecordList.swift */ = {isa = PBXFileReference; lastKnownFileType = sourcecode.swift; path = InsulinRecordList.swift; sourceTree = "<group>"; };
/* End PBXFileReference section */

/* Begin PBXFrameworksBuildPhase section */
		583B1B4E25640A7400B43980 /* Frameworks */ = {
			isa = PBXFrameworksBuildPhase;
			buildActionMask = 2147483647;
			files = (
			);
			runOnlyForDeploymentPostprocessing = 0;
		};
		585B0F0F25655576000CFB2D /* Frameworks */ = {
			isa = PBXFrameworksBuildPhase;
			buildActionMask = 2147483647;
			files = (
			);
			runOnlyForDeploymentPostprocessing = 0;
		};
/* End PBXFrameworksBuildPhase section */

/* Begin PBXGroup section */
		583B1B4825640A7300B43980 = {
			isa = PBXGroup;
			children = (
				583B1B5325640A7400B43980 /* InsulinHelper */,
				585B0F0725655574000CFB2D /* InsulinWatch */,
				585B0F1625655576000CFB2D /* InsulinWatch Extension */,
				583B1B5225640A7400B43980 /* Products */,
			);
			sourceTree = "<group>";
		};
		583B1B5225640A7400B43980 /* Products */ = {
			isa = PBXGroup;
			children = (
				583B1B5125640A7400B43980 /* InsulinHelper.app */,
				585B0F0625655574000CFB2D /* InsulinWatch.app */,
				585B0F1225655576000CFB2D /* InsulinWatch Extension.appex */,
			);
			name = Products;
			sourceTree = "<group>";
		};
		583B1B5325640A7400B43980 /* InsulinHelper */ = {
			isa = PBXGroup;
			children = (
				583B1B5425640A7400B43980 /* AppDelegate.swift */,
				583B1B5625640A7400B43980 /* SceneDelegate.swift */,
				583B1B5825640A7400B43980 /* ViewController.swift */,
				583B1B5A25640A7400B43980 /* Main.storyboard */,
				583B1B5D25640A7600B43980 /* Assets.xcassets */,
				58EABF73256434040094E175 /* Icon-120.png */,
				583B1B5F25640A7600B43980 /* LaunchScreen.storyboard */,
				58EABF70256433CE0094E175 /* Icon-180.png */,
				583B1B6225640A7600B43980 /* Info.plist */,
			);
			path = InsulinHelper;
			sourceTree = "<group>";
		};
		585B0F0725655574000CFB2D /* InsulinWatch */ = {
			isa = PBXGroup;
			children = (
				585B0F0825655574000CFB2D /* Interface.storyboard */,
				585B0F0B25655576000CFB2D /* Assets.xcassets */,
				585B0F0D25655576000CFB2D /* Info.plist */,
			);
			path = InsulinWatch;
			sourceTree = "<group>";
		};
		585B0F1625655576000CFB2D /* InsulinWatch Extension */ = {
			isa = PBXGroup;
			children = (
				58FC3F222656978900F10BEB /* Model */,
				58FC3F232656979100F10BEB /* Views */,
				585B0F1725655576000CFB2D /* InterfaceController.swift */,
				5887837425C1C8030009A598 /* GlucoseRecorder.swift */,
				585B0F1925655576000CFB2D /* ExtensionDelegate.swift */,
				585B0F1B25655576000CFB2D /* NotificationController.swift */,
				585B0F1D25655576000CFB2D /* ComplicationController.swift */,
				585B0F1F25655577000CFB2D /* Assets.xcassets */,
				585B0F2125655577000CFB2D /* Info.plist */,
				585B0F2225655577000CFB2D /* PushNotificationPayload.apns */,
			);
			path = "InsulinWatch Extension";
			sourceTree = "<group>";
		};
		58FC3F222656978900F10BEB /* Model */ = {
			isa = PBXGroup;
			children = (
				58FC3F242656982500F10BEB /* InjectionModel.swift */,
			);
			path = Model;
			sourceTree = "<group>";
		};
		58FC3F232656979100F10BEB /* Views */ = {
			isa = PBXGroup;
			children = (
				58FC3F262656A07600F10BEB /* InsulinRecordList.swift */,
			);
			path = Views;
			sourceTree = "<group>";
		};
/* End PBXGroup section */

/* Begin PBXNativeTarget section */
		583B1B5025640A7400B43980 /* InsulinHelper */ = {
			isa = PBXNativeTarget;
			buildConfigurationList = 583B1B6525640A7600B43980 /* Build configuration list for PBXNativeTarget "InsulinHelper" */;
			buildPhases = (
				583B1B4D25640A7400B43980 /* Sources */,
				583B1B4E25640A7400B43980 /* Frameworks */,
				583B1B4F25640A7400B43980 /* Resources */,
				585B0F2625655577000CFB2D /* Embed Watch Content */,
			);
			buildRules = (
			);
			dependencies = (
				585B0F2425655577000CFB2D /* PBXTargetDependency */,
			);
			name = InsulinHelper;
			productName = InsulinHelper;
			productReference = 583B1B5125640A7400B43980 /* InsulinHelper.app */;
			productType = "com.apple.product-type.application";
		};
		585B0F0525655574000CFB2D /* InsulinWatch */ = {
			isa = PBXNativeTarget;
			buildConfigurationList = 585B0F2D25655577000CFB2D /* Build configuration list for PBXNativeTarget "InsulinWatch" */;
			buildPhases = (
				585B0F0425655574000CFB2D /* Resources */,
				585B0F2925655577000CFB2D /* Embed App Extensions */,
			);
			buildRules = (
			);
			dependencies = (
				585B0F1525655576000CFB2D /* PBXTargetDependency */,
			);
			name = InsulinWatch;
			productName = InsulinWatch;
			productReference = 585B0F0625655574000CFB2D /* InsulinWatch.app */;
			productType = "com.apple.product-type.application.watchapp2";
		};
		585B0F1125655576000CFB2D /* InsulinWatch Extension */ = {
			isa = PBXNativeTarget;
			buildConfigurationList = 585B0F2C25655577000CFB2D /* Build configuration list for PBXNativeTarget "InsulinWatch Extension" */;
			buildPhases = (
				585B0F0E25655576000CFB2D /* Sources */,
				585B0F0F25655576000CFB2D /* Frameworks */,
				585B0F1025655576000CFB2D /* Resources */,
			);
			buildRules = (
			);
			dependencies = (
			);
			name = "InsulinWatch Extension";
			productName = "InsulinWatch Extension";
			productReference = 585B0F1225655576000CFB2D /* InsulinWatch Extension.appex */;
			productType = "com.apple.product-type.watchkit2-extension";
		};
/* End PBXNativeTarget section */

/* Begin PBXProject section */
		583B1B4925640A7300B43980 /* Project object */ = {
			isa = PBXProject;
			attributes = {
				LastSwiftUpdateCheck = 1220;
				LastUpgradeCheck = 1220;
				TargetAttributes = {
					583B1B5025640A7400B43980 = {
						CreatedOnToolsVersion = 12.2;
					};
					585B0F0525655574000CFB2D = {
						CreatedOnToolsVersion = 12.2;
					};
					585B0F1125655576000CFB2D = {
						CreatedOnToolsVersion = 12.2;
					};
				};
			};
			buildConfigurationList = 583B1B4C25640A7300B43980 /* Build configuration list for PBXProject "InsulinHelper" */;
			compatibilityVersion = "Xcode 9.3";
			developmentRegion = en;
			hasScannedForEncodings = 0;
			knownRegions = (
				en,
				Base,
			);
			mainGroup = 583B1B4825640A7300B43980;
			productRefGroup = 583B1B5225640A7400B43980 /* Products */;
			projectDirPath = "";
			projectRoot = "";
			targets = (
				583B1B5025640A7400B43980 /* InsulinHelper */,
				585B0F0525655574000CFB2D /* InsulinWatch */,
				585B0F1125655576000CFB2D /* InsulinWatch Extension */,
			);
		};
/* End PBXProject section */

/* Begin PBXResourcesBuildPhase section */
		583B1B4F25640A7400B43980 /* Resources */ = {
			isa = PBXResourcesBuildPhase;
			buildActionMask = 2147483647;
			files = (
				583B1B6125640A7600B43980 /* LaunchScreen.storyboard in Resources */,
				583B1B5E25640A7600B43980 /* Assets.xcassets in Resources */,
				58EABF71256433CF0094E175 /* Icon-180.png in Resources */,
				58EABF74256434040094E175 /* Icon-120.png in Resources */,
				583B1B5C25640A7400B43980 /* Main.storyboard in Resources */,
			);
			runOnlyForDeploymentPostprocessing = 0;
		};
		585B0F0425655574000CFB2D /* Resources */ = {
			isa = PBXResourcesBuildPhase;
			buildActionMask = 2147483647;
			files = (
				585B0F0C25655576000CFB2D /* Assets.xcassets in Resources */,
				585B0F0A25655574000CFB2D /* Interface.storyboard in Resources */,
			);
			runOnlyForDeploymentPostprocessing = 0;
		};
		585B0F1025655576000CFB2D /* Resources */ = {
			isa = PBXResourcesBuildPhase;
			buildActionMask = 2147483647;
			files = (
				585B0F2025655577000CFB2D /* Assets.xcassets in Resources */,
			);
			runOnlyForDeploymentPostprocessing = 0;
		};
/* End PBXResourcesBuildPhase section */

/* Begin PBXSourcesBuildPhase section */
		583B1B4D25640A7400B43980 /* Sources */ = {
			isa = PBXSourcesBuildPhase;
			buildActionMask = 2147483647;
			files = (
				583B1B5925640A7400B43980 /* ViewController.swift in Sources */,
				583B1B5525640A7400B43980 /* AppDelegate.swift in Sources */,
				583B1B5725640A7400B43980 /* SceneDelegate.swift in Sources */,
			);
			runOnlyForDeploymentPostprocessing = 0;
		};
		585B0F0E25655576000CFB2D /* Sources */ = {
			isa = PBXSourcesBuildPhase;
			buildActionMask = 2147483647;
			files = (
				585B0F1C25655576000CFB2D /* NotificationController.swift in Sources */,
				58FC3F252656982500F10BEB /* InjectionModel.swift in Sources */,
				5887837525C1C8030009A598 /* GlucoseRecorder.swift in Sources */,
				585B0F1E25655576000CFB2D /* ComplicationController.swift in Sources */,
				58FC3F272656A07600F10BEB /* InsulinRecordList.swift in Sources */,
				585B0F1A25655576000CFB2D /* ExtensionDelegate.swift in Sources */,
				585B0F1825655576000CFB2D /* InterfaceController.swift in Sources */,
			);
			runOnlyForDeploymentPostprocessing = 0;
		};
/* End PBXSourcesBuildPhase section */

/* Begin PBXTargetDependency section */
		585B0F1525655576000CFB2D /* PBXTargetDependency */ = {
			isa = PBXTargetDependency;
			target = 585B0F1125655576000CFB2D /* InsulinWatch Extension */;
			targetProxy = 585B0F1425655576000CFB2D /* PBXContainerItemProxy */;
		};
		585B0F2425655577000CFB2D /* PBXTargetDependency */ = {
			isa = PBXTargetDependency;
			target = 585B0F0525655574000CFB2D /* InsulinWatch */;
			targetProxy = 585B0F2325655577000CFB2D /* PBXContainerItemProxy */;
		};
/* End PBXTargetDependency section */

/* Begin PBXVariantGroup section */
		583B1B5A25640A7400B43980 /* Main.storyboard */ = {
			isa = PBXVariantGroup;
			children = (
				583B1B5B25640A7400B43980 /* Base */,
			);
			name = Main.storyboard;
			sourceTree = "<group>";
		};
		583B1B5F25640A7600B43980 /* LaunchScreen.storyboard */ = {
			isa = PBXVariantGroup;
			children = (
				583B1B6025640A7600B43980 /* Base */,
			);
			name = LaunchScreen.storyboard;
			sourceTree = "<group>";
		};
		585B0F0825655574000CFB2D /* Interface.storyboard */ = {
			isa = PBXVariantGroup;
			children = (
				585B0F0925655574000CFB2D /* Base */,
			);
			name = Interface.storyboard;
			sourceTree = "<group>";
		};
/* End PBXVariantGroup section */

/* Begin XCBuildConfiguration section */
		583B1B6325640A7600B43980 /* Debug */ = {
			isa = XCBuildConfiguration;
			buildSettings = {
				ALWAYS_SEARCH_USER_PATHS = NO;
				CLANG_ANALYZER_NONNULL = YES;
				CLANG_ANALYZER_NUMBER_OBJECT_CONVERSION = YES_AGGRESSIVE;
				CLANG_CXX_LANGUAGE_STANDARD = "gnu++14";
				CLANG_CXX_LIBRARY = "libc++";
				CLANG_ENABLE_MODULES = YES;
				CLANG_ENABLE_OBJC_ARC = YES;
				CLANG_ENABLE_OBJC_WEAK = YES;
				CLANG_WARN_BLOCK_CAPTURE_AUTORELEASING = YES;
				CLANG_WARN_BOOL_CONVERSION = YES;
				CLANG_WARN_COMMA = YES;
				CLANG_WARN_CONSTANT_CONVERSION = YES;
				CLANG_WARN_DEPRECATED_OBJC_IMPLEMENTATIONS = YES;
				CLANG_WARN_DIRECT_OBJC_ISA_USAGE = YES_ERROR;
				CLANG_WARN_DOCUMENTATION_COMMENTS = YES;
				CLANG_WARN_EMPTY_BODY = YES;
				CLANG_WARN_ENUM_CONVERSION = YES;
				CLANG_WARN_INFINITE_RECURSION = YES;
				CLANG_WARN_INT_CONVERSION = YES;
				CLANG_WARN_NON_LITERAL_NULL_CONVERSION = YES;
				CLANG_WARN_OBJC_IMPLICIT_RETAIN_SELF = YES;
				CLANG_WARN_OBJC_LITERAL_CONVERSION = YES;
				CLANG_WARN_OBJC_ROOT_CLASS = YES_ERROR;
				CLANG_WARN_QUOTED_INCLUDE_IN_FRAMEWORK_HEADER = YES;
				CLANG_WARN_RANGE_LOOP_ANALYSIS = YES;
				CLANG_WARN_STRICT_PROTOTYPES = YES;
				CLANG_WARN_SUSPICIOUS_MOVE = YES;
				CLANG_WARN_UNGUARDED_AVAILABILITY = YES_AGGRESSIVE;
				CLANG_WARN_UNREACHABLE_CODE = YES;
				CLANG_WARN__DUPLICATE_METHOD_MATCH = YES;
				COPY_PHASE_STRIP = NO;
				DEBUG_INFORMATION_FORMAT = dwarf;
				ENABLE_STRICT_OBJC_MSGSEND = YES;
				ENABLE_TESTABILITY = YES;
				GCC_C_LANGUAGE_STANDARD = gnu11;
				GCC_DYNAMIC_NO_PIC = NO;
				GCC_NO_COMMON_BLOCKS = YES;
				GCC_OPTIMIZATION_LEVEL = 0;
				GCC_PREPROCESSOR_DEFINITIONS = (
					"DEBUG=1",
					"$(inherited)",
				);
				GCC_WARN_64_TO_32_BIT_CONVERSION = YES;
				GCC_WARN_ABOUT_RETURN_TYPE = YES_ERROR;
				GCC_WARN_UNDECLARED_SELECTOR = YES;
				GCC_WARN_UNINITIALIZED_AUTOS = YES_AGGRESSIVE;
				GCC_WARN_UNUSED_FUNCTION = YES;
				GCC_WARN_UNUSED_VARIABLE = YES;
				IPHONEOS_DEPLOYMENT_TARGET = 14.2;
				MTL_ENABLE_DEBUG_INFO = INCLUDE_SOURCE;
				MTL_FAST_MATH = YES;
				ONLY_ACTIVE_ARCH = YES;
				SDKROOT = iphoneos;
				SWIFT_ACTIVE_COMPILATION_CONDITIONS = DEBUG;
				SWIFT_OPTIMIZATION_LEVEL = "-Onone";
			};
			name = Debug;
		};
		583B1B6425640A7600B43980 /* Release */ = {
			isa = XCBuildConfiguration;
			buildSettings = {
				ALWAYS_SEARCH_USER_PATHS = NO;
				CLANG_ANALYZER_NONNULL = YES;
				CLANG_ANALYZER_NUMBER_OBJECT_CONVERSION = YES_AGGRESSIVE;
				CLANG_CXX_LANGUAGE_STANDARD = "gnu++14";
				CLANG_CXX_LIBRARY = "libc++";
				CLANG_ENABLE_MODULES = YES;
				CLANG_ENABLE_OBJC_ARC = YES;
				CLANG_ENABLE_OBJC_WEAK = YES;
				CLANG_WARN_BLOCK_CAPTURE_AUTORELEASING = YES;
				CLANG_WARN_BOOL_CONVERSION = YES;
				CLANG_WARN_COMMA = YES;
				CLANG_WARN_CONSTANT_CONVERSION = YES;
				CLANG_WARN_DEPRECATED_OBJC_IMPLEMENTATIONS = YES;
				CLANG_WARN_DIRECT_OBJC_ISA_USAGE = YES_ERROR;
				CLANG_WARN_DOCUMENTATION_COMMENTS = YES;
				CLANG_WARN_EMPTY_BODY = YES;
				CLANG_WARN_ENUM_CONVERSION = YES;
				CLANG_WARN_INFINITE_RECURSION = YES;
				CLANG_WARN_INT_CONVERSION = YES;
				CLANG_WARN_NON_LITERAL_NULL_CONVERSION = YES;
				CLANG_WARN_OBJC_IMPLICIT_RETAIN_SELF = YES;
				CLANG_WARN_OBJC_LITERAL_CONVERSION = YES;
				CLANG_WARN_OBJC_ROOT_CLASS = YES_ERROR;
				CLANG_WARN_QUOTED_INCLUDE_IN_FRAMEWORK_HEADER = YES;
				CLANG_WARN_RANGE_LOOP_ANALYSIS = YES;
				CLANG_WARN_STRICT_PROTOTYPES = YES;
				CLANG_WARN_SUSPICIOUS_MOVE = YES;
				CLANG_WARN_UNGUARDED_AVAILABILITY = YES_AGGRESSIVE;
				CLANG_WARN_UNREACHABLE_CODE = YES;
				CLANG_WARN__DUPLICATE_METHOD_MATCH = YES;
				COPY_PHASE_STRIP = NO;
				DEBUG_INFORMATION_FORMAT = "dwarf-with-dsym";
				ENABLE_NS_ASSERTIONS = NO;
				ENABLE_STRICT_OBJC_MSGSEND = YES;
				GCC_C_LANGUAGE_STANDARD = gnu11;
				GCC_NO_COMMON_BLOCKS = YES;
				GCC_WARN_64_TO_32_BIT_CONVERSION = YES;
				GCC_WARN_ABOUT_RETURN_TYPE = YES_ERROR;
				GCC_WARN_UNDECLARED_SELECTOR = YES;
				GCC_WARN_UNINITIALIZED_AUTOS = YES_AGGRESSIVE;
				GCC_WARN_UNUSED_FUNCTION = YES;
				GCC_WARN_UNUSED_VARIABLE = YES;
				IPHONEOS_DEPLOYMENT_TARGET = 14.2;
				MTL_ENABLE_DEBUG_INFO = NO;
				MTL_FAST_MATH = YES;
				SDKROOT = iphoneos;
				SWIFT_COMPILATION_MODE = wholemodule;
				SWIFT_OPTIMIZATION_LEVEL = "-O";
				VALIDATE_PRODUCT = YES;
			};
			name = Release;
		};
		583B1B6625640A7600B43980 /* Debug */ = {
			isa = XCBuildConfiguration;
			buildSettings = {
				ASSETCATALOG_COMPILER_APPICON_NAME = AppIcon;
				ASSETCATALOG_COMPILER_GLOBAL_ACCENT_COLOR_NAME = AccentColor;
				CODE_SIGN_STYLE = Automatic;
				DEVELOPMENT_TEAM = NVDTKCXV2H;
				INFOPLIST_FILE = InsulinHelper/Info.plist;
				IPHONEOS_DEPLOYMENT_TARGET = 13.0;
				LD_RUNPATH_SEARCH_PATHS = (
					"$(inherited)",
					"@executable_path/Frameworks",
				);
				PRODUCT_BUNDLE_IDENTIFIER = L1ZI7.InsulinHelper;
				PRODUCT_NAME = "$(TARGET_NAME)";
				SWIFT_VERSION = 5.0;
				TARGETED_DEVICE_FAMILY = "1,2";
			};
			name = Debug;
		};
		583B1B6725640A7600B43980 /* Release */ = {
			isa = XCBuildConfiguration;
			buildSettings = {
				ASSETCATALOG_COMPILER_APPICON_NAME = AppIcon;
				ASSETCATALOG_COMPILER_GLOBAL_ACCENT_COLOR_NAME = AccentColor;
				CODE_SIGN_STYLE = Automatic;
				DEVELOPMENT_TEAM = NVDTKCXV2H;
				INFOPLIST_FILE = InsulinHelper/Info.plist;
				IPHONEOS_DEPLOYMENT_TARGET = 13.0;
				LD_RUNPATH_SEARCH_PATHS = (
					"$(inherited)",
					"@executable_path/Frameworks",
				);
				PRODUCT_BUNDLE_IDENTIFIER = L1ZI7.InsulinHelper;
				PRODUCT_NAME = "$(TARGET_NAME)";
				SWIFT_VERSION = 5.0;
				TARGETED_DEVICE_FAMILY = "1,2";
			};
			name = Release;
		};
		585B0F2725655577000CFB2D /* Debug */ = {
			isa = XCBuildConfiguration;
			buildSettings = {
				ALWAYS_EMBED_SWIFT_STANDARD_LIBRARIES = YES;
				ASSETCATALOG_COMPILER_APPICON_NAME = AppIcon;
				ASSETCATALOG_COMPILER_GLOBAL_ACCENT_COLOR_NAME = AccentColor;
				CODE_SIGN_STYLE = Automatic;
				DEVELOPMENT_TEAM = NVDTKCXV2H;
				IBSC_MODULE = InsulinWatch_Extension;
				INFOPLIST_FILE = InsulinWatch/Info.plist;
				PRODUCT_BUNDLE_IDENTIFIER = L1ZI7.InsulinHelper.watchkitapp;
				PRODUCT_NAME = "$(TARGET_NAME)";
				SDKROOT = watchos;
				SKIP_INSTALL = YES;
				SWIFT_VERSION = 5.0;
				TARGETED_DEVICE_FAMILY = 4;
				WATCHOS_DEPLOYMENT_TARGET = 7.1;
			};
			name = Debug;
		};
		585B0F2825655577000CFB2D /* Release */ = {
			isa = XCBuildConfiguration;
			buildSettings = {
				ALWAYS_EMBED_SWIFT_STANDARD_LIBRARIES = YES;
				ASSETCATALOG_COMPILER_APPICON_NAME = AppIcon;
				ASSETCATALOG_COMPILER_GLOBAL_ACCENT_COLOR_NAME = AccentColor;
				CODE_SIGN_STYLE = Automatic;
				DEVELOPMENT_TEAM = NVDTKCXV2H;
				IBSC_MODULE = InsulinWatch_Extension;
				INFOPLIST_FILE = InsulinWatch/Info.plist;
				PRODUCT_BUNDLE_IDENTIFIER = L1ZI7.InsulinHelper.watchkitapp;
				PRODUCT_NAME = "$(TARGET_NAME)";
				SDKROOT = watchos;
				SKIP_INSTALL = YES;
				SWIFT_VERSION = 5.0;
				TARGETED_DEVICE_FAMILY = 4;
				WATCHOS_DEPLOYMENT_TARGET = 7.1;
			};
			name = Release;
		};
		585B0F2A25655577000CFB2D /* Debug */ = {
			isa = XCBuildConfiguration;
			buildSettings = {
				ASSETCATALOG_COMPILER_COMPLICATION_NAME = Complication;
				CODE_SIGN_STYLE = Automatic;
				DEVELOPMENT_TEAM = NVDTKCXV2H;
				INFOPLIST_FILE = "InsulinWatch Extension/Info.plist";
				LD_RUNPATH_SEARCH_PATHS = (
					"$(inherited)",
					"@executable_path/Frameworks",
					"@executable_path/../../Frameworks",
				);
				PRODUCT_BUNDLE_IDENTIFIER = L1ZI7.InsulinHelper.watchkitapp.watchkitextension;
				PRODUCT_NAME = "${TARGET_NAME}";
				SDKROOT = watchos;
				SKIP_INSTALL = YES;
				SWIFT_VERSION = 5.0;
				TARGETED_DEVICE_FAMILY = 4;
				WATCHOS_DEPLOYMENT_TARGET = 7.1;
			};
			name = Debug;
		};
		585B0F2B25655577000CFB2D /* Release */ = {
			isa = XCBuildConfiguration;
			buildSettings = {
				ASSETCATALOG_COMPILER_COMPLICATION_NAME = Complication;
				CODE_SIGN_STYLE = Automatic;
				DEVELOPMENT_TEAM = NVDTKCXV2H;
				INFOPLIST_FILE = "InsulinWatch Extension/Info.plist";
				LD_RUNPATH_SEARCH_PATHS = (
					"$(inherited)",
					"@executable_path/Frameworks",
					"@executable_path/../../Frameworks",
				);
				PRODUCT_BUNDLE_IDENTIFIER = L1ZI7.InsulinHelper.watchkitapp.watchkitextension;
				PRODUCT_NAME = "${TARGET_NAME}";
				SDKROOT = watchos;
				SKIP_INSTALL = YES;
				SWIFT_VERSION = 5.0;
				TARGETED_DEVICE_FAMILY = 4;
				WATCHOS_DEPLOYMENT_TARGET = 7.1;
			};
			name = Release;
		};
/* End XCBuildConfiguration section */

/* Begin XCConfigurationList section */
		583B1B4C25640A7300B43980 /* Build configuration list for PBXProject "InsulinHelper" */ = {
			isa = XCConfigurationList;
			buildConfigurations = (
				583B1B6325640A7600B43980 /* Debug */,
				583B1B6425640A7600B43980 /* Release */,
			);
			defaultConfigurationIsVisible = 0;
			defaultConfigurationName = Release;
		};
		583B1B6525640A7600B43980 /* Build configuration list for PBXNativeTarget "InsulinHelper" */ = {
			isa = XCConfigurationList;
			buildConfigurations = (
				583B1B6625640A7600B43980 /* Debug */,
				583B1B6725640A7600B43980 /* Release */,
			);
			defaultConfigurationIsVisible = 0;
			defaultConfigurationName = Release;
		};
		585B0F2C25655577000CFB2D /* Build configuration list for PBXNativeTarget "InsulinWatch Extension" */ = {
			isa = XCConfigurationList;
			buildConfigurations = (
				585B0F2A25655577000CFB2D /* Debug */,
				585B0F2B25655577000CFB2D /* Release */,
			);
			defaultConfigurationIsVisible = 0;
			defaultConfigurationName = Release;
		};
		585B0F2D25655577000CFB2D /* Build configuration list for PBXNativeTarget "InsulinWatch" */ = {
			isa = XCConfigurationList;
			buildConfigurations = (
				585B0F2725655577000CFB2D /* Debug */,
				585B0F2825655577000CFB2D /* Release */,
			);
			defaultConfigurationIsVisible = 0;
			defaultConfigurationName = Release;
		};
/* End XCConfigurationList section */
	};
	rootObject = 583B1B4925640A7300B43980 /* Project object */;
}
